{
    "name": "talk-2-group-5",
    "version": "1.0.0",
    "lockfileVersion": 2,
    "requires": true,
    "packages": {
        "": {
            "name": "talk-2-group-5",
            "version": "1.0.0",
            "license": "ISC",
            "dependencies":{
                "@nestjs/typeorm":"7.1.5",
                "typeorm":"0.2.30"

            }
        }
    }
}
